{
  "name": "13-get-earliest-tx-from-address",
  "version": "1.0.0",
  "lockfileVersion": 3,
  "requires": true,
  "packages": {
    "": {
      "name": "13-get-earliest-tx-from-address",
      "version": "1.0.0",
      "license": "ISC",
      "dependencies": {
        "@envio-dev/hypersync-client": "^0.6.3"
      }
    },
    "node_modules/@envio-dev/hypersync-client": {
      "version": "0.6.3",
      "resolved": "https://registry.npmjs.org/@envio-dev/hypersync-client/-/hypersync-client-0.6.3.tgz",
      "integrity": "sha512-Lr5WyMZBK1cI++kAQLM/zd62NfUM60A3KWTKgeNew4NOghfoY5YZr99C7vo+CMYePXskYBR+ul+5iNPoHqkFrw==",
      "engines": {
        "node": ">= 10"
      },
      "optionalDependencies": {
        "@envio-dev/hypersync-client-darwin-arm64": "0.6.3",
        "@envio-dev/hypersync-client-darwin-x64": "0.6.3",
        "@envio-dev/hypersync-client-linux-arm64-gnu": "0.6.3",
        "@envio-dev/hypersync-client-linux-x64-gnu": "0.6.3",
        "@envio-dev/hypersync-client-linux-x64-musl": "0.6.3",
        "@envio-dev/hypersync-client-win32-x64-msvc": "0.6.3"
      }
    },
    "node_modules/@envio-dev/hypersync-client-darwin-arm64": {
      "version": "0.6.3",
      "resolved": "https://registry.npmjs.org/@envio-dev/hypersync-client-darwin-arm64/-/hypersync-client-darwin-arm64-0.6.3.tgz",
      "integrity": "sha512-w4OLJaq3lD03iXPJxLnPpoxOduvzCfEe2nYtamvIRLPB2SlbxnB5EF5dSyFs6WKh1x4PMsksQOUKeCcOtQPZow==",
      "cpu": [
        "arm64"
      ],
      "optional": true,
      "os": [
        "darwin"
      ],
      "engines": {
        "node": ">= 10"
      }
    },
    "node_modules/@envio-dev/hypersync-client-darwin-x64": {
      "version": "0.6.3",
      "resolved": "https://registry.npmjs.org/@envio-dev/hypersync-client-darwin-x64/-/hypersync-client-darwin-x64-0.6.3.tgz",
      "integrity": "sha512-zh98zCbm2cse/iIzyMs1YCcA1iI1U/j4Yex1xBVaEa1ogzQSK9peS6M+NygzdmlwPqr7K9rUQ/U56ICRl67fWw==",
      "cpu": [
        "x64"
      ],
      "optional": true,
      "os": [
        "darwin"
      ],
      "engines": {
        "node": ">= 10"
      }
    },
    "node_modules/@envio-dev/hypersync-client-linux-arm64-gnu": {
      "version": "0.6.3",
      "resolved": "https://registry.npmjs.org/@envio-dev/hypersync-client-linux-arm64-gnu/-/hypersync-client-linux-arm64-gnu-0.6.3.tgz",
      "integrity": "sha512-5pI0N6W7W0L7LpgN76BAWRsC+NPOvrlvBEq8IjlBUS47vqZALvcJj3gYNkm466tUBQ4q4tF1x48k7MFKtoO8aw==",
      "cpu": [
        "arm64"
      ],
      "optional": true,
      "os": [
        "linux"
      ],
      "engines": {
        "node": ">= 10"
      }
    },
    "node_modules/@envio-dev/hypersync-client-linux-x64-gnu": {
      "version": "0.6.3",
      "resolved": "https://registry.npmjs.org/@envio-dev/hypersync-client-linux-x64-gnu/-/hypersync-client-linux-x64-gnu-0.6.3.tgz",
      "integrity": "sha512-jL3sxWVyTJuKdO5y/0tu1EtWSox+nJdpmr7rdVW1w0gLk4ewzWORp9cl5pXkpqM4MUsjJz+NkcQKsUquGYBkKg==",
      "cpu": [
        "x64"
      ],
      "optional": true,
      "os": [
        "linux"
      ],
      "engines": {
        "node": ">= 10"
      }
    },
    "node_modules/@envio-dev/hypersync-client-linux-x64-musl": {
      "version": "0.6.3",
      "resolved": "https://registry.npmjs.org/@envio-dev/hypersync-client-linux-x64-musl/-/hypersync-client-linux-x64-musl-0.6.3.tgz",
      "integrity": "sha512-4rAh9x3PEWIweih731lWVEUGm+qrIHouElqZgXfTcZS6KkPeDnSYKVw10K5EyDuDtZla/NccEr0pJmcvpui5Ew==",
      "cpu": [
        "x64"
      ],
      "optional": true,
      "os": [
        "linux"
      ],
      "engines": {
        "node": ">= 10"
      }
    },
    "node_modules/@envio-dev/hypersync-client-win32-x64-msvc": {
      "version": "0.6.3",
      "resolved": "https://registry.npmjs.org/@envio-dev/hypersync-client-win32-x64-msvc/-/hypersync-client-win32-x64-msvc-0.6.3.tgz",
      "integrity": "sha512-AINzLdjqU+y6ZiHnxorjFlrGNIw/AAJ80YXABYzokvGhDTF9qupjR1gdZo4sQEumgrRyg7fiG8QnsZVEm6V/zA==",
      "cpu": [
        "x64"
      ],
      "optional": true,
      "os": [
        "win32"
      ],
      "engines": {
        "node": ">= 10"
      }
    }
  }
}
