version = 1
requires-python = ">=3.12"

[[package]]
name = "12-get-block-given-timestamp"
version = "0.1.0"
source = { virtual = "." }
dependencies = [
    { name = "hypersync" },
]

[package.metadata]
requires-dist = [{ name = "hypersync", specifier = ">=0.8.5" }]

[[package]]
name = "hypersync"
version = "0.8.5"
source = { registry = "https://pypi.org/simple" }
dependencies = [
    { name = "strenum" },
]
sdist = { url = "https://files.pythonhosted.org/packages/29/e2/5ee433de37afee44d872eaa98786ac7ce0801d2dd486cd1d593475445280/hypersync-0.8.5.tar.gz", hash = "sha256:716a7211e4287fe1155a336a22b14d5d41a4cb38b22a56fa57ab781e3fe7c251", size = 58989 }
wheels = [
    { url = "https://files.pythonhosted.org/packages/ab/08/7434e60f1b390556ede9f9608da40a37d3c3be8b551551d446391d498ec0/hypersync-0.8.5-cp312-cp312-macosx_10_12_x86_64.whl", hash = "sha256:b53a12b4ac3aa573841107e74651692ea71e34f5a4f28e1581d8daf48f87568c", size = 6044989 },
    { url = "https://files.pythonhosted.org/packages/ec/0e/a4cbf3b04e39679a73c8d2b563e25759c719caa40e22af9fd6c553a978b0/hypersync-0.8.5-cp312-cp312-macosx_11_0_arm64.whl", hash = "sha256:7673c6db771a8a1f9dbecc7b87218431ba7931719201a4cd23165e9610563be8", size = 5658469 },
    { url = "https://files.pythonhosted.org/packages/fe/25/02286d0216a86a0ca6a8ceb290b0af01b7c737216f973ba3143b41e1ca45/hypersync-0.8.5-cp312-cp312-manylinux_2_17_aarch64.manylinux2014_aarch64.whl", hash = "sha256:342d27f6ca24fa17d93d3cc44f400f4765709bff186520c1b17450582329d45c", size = 5163592 },
    { url = "https://files.pythonhosted.org/packages/dd/f4/e990950176a97bc2bb84e97d9dd73292b9232ad0a28b0a628e42ea9d9750/hypersync-0.8.5-cp312-cp312-manylinux_2_17_i686.manylinux2014_i686.whl", hash = "sha256:6e4b288500b519949a58da5b55334ab3da908b9b5e2fbf218ea43e0501c08c7a", size = 5836207 },
    { url = "https://files.pythonhosted.org/packages/5b/8c/22476384f19d5a1f0eb44e52a5ef378297ce2c454dc6dc9bb4755f7c47fe/hypersync-0.8.5-cp312-cp312-manylinux_2_17_x86_64.manylinux2014_x86_64.whl", hash = "sha256:8826e2512ba20e525dde88ae1f67a9c9361dbe44eead4e9ded93b312c8ccdc01", size = 5582854 },
    { url = "https://files.pythonhosted.org/packages/43/03/f2a03002b585cbf0ce579c48ef02e494b709dfce591ed1a30c7b552ea4ec/hypersync-0.8.5-cp312-cp312-win32.whl", hash = "sha256:3b00ac24e4091f378ad5afcc0f320b0790e60d3bdd604d6587aa89189b7c65d1", size = 4749239 },
    { url = "https://files.pythonhosted.org/packages/a7/f0/1e2cca8192f1916cdb99b4ffb3a92dd492c82de61810b0b61291678dd175/hypersync-0.8.5-cp312-cp312-win_amd64.whl", hash = "sha256:c85cc6f570f10a23f99c857ec87758068e5739a9e249daa088ad799b0151a388", size = 5500366 },
]

[[package]]
name = "strenum"
version = "0.4.15"
source = { registry = "https://pypi.org/simple" }
sdist = { url = "https://files.pythonhosted.org/packages/85/ad/430fb60d90e1d112a62ff57bdd1f286ec73a2a0331272febfddd21f330e1/StrEnum-0.4.15.tar.gz", hash = "sha256:878fb5ab705442070e4dd1929bb5e2249511c0bcf2b0eeacf3bcd80875c82eff", size = 23384 }
wheels = [
    { url = "https://files.pythonhosted.org/packages/81/69/297302c5f5f59c862faa31e6cb9a4cd74721cd1e052b38e464c5b402df8b/StrEnum-0.4.15-py3-none-any.whl", hash = "sha256:a30cda4af7cc6b5bf52c8055bc4bf4b2b6b14a93b574626da33df53cf7740659", size = 8851 },
]
