{
  "name": "all-uni",
  "version": "1.0.0",
  "lockfileVersion": 3,
  "requires": true,
  "packages": {
    "": {
      "name": "all-uni",
      "version": "1.0.0",
      "license": "ISC",
      "dependencies": {
        "@envio-dev/hypersync-client": "^0.2.4"
      }
    },
    "node_modules/@envio-dev/hypersync-client": {
      "version": "0.2.4",
      "resolved": "https://registry.npmjs.org/@envio-dev/hypersync-client/-/hypersync-client-0.2.4.tgz",
      "integrity": "sha512-xWDDJndqGTA3We+DXoh1ZO9wombae/C2E0o6799oPYOkrSxfV7EmV74TPh3bGAp1JR7OoTwcIN1LI7/m+F7G/w==",
      "engines": {
        "node": ">= 10"
      },
      "optionalDependencies": {
        "@envio-dev/hypersync-client-darwin-arm64": "0.2.4",
        "@envio-dev/hypersync-client-darwin-x64": "0.2.4",
        "@envio-dev/hypersync-client-linux-arm64-gnu": "0.2.4",
        "@envio-dev/hypersync-client-linux-x64-gnu": "0.2.4",
        "@envio-dev/hypersync-client-linux-x64-musl": "0.2.4",
        "@envio-dev/hypersync-client-win32-x64-msvc": "0.2.4"
      }
    },
    "node_modules/@envio-dev/hypersync-client-darwin-arm64": {
      "version": "0.2.4",
      "resolved": "https://registry.npmjs.org/@envio-dev/hypersync-client-darwin-arm64/-/hypersync-client-darwin-arm64-0.2.4.tgz",
      "integrity": "sha512-JcoY7ndhrq924FcNrdhujegY/TbaymRH1I0wLJ6cOAUlfotMFoN1JqMgAzR6gEpx8cUjaLW4lrJTb3YzsBubzw==",
      "cpu": [
        "arm64"
      ],
      "optional": true,
      "os": [
        "darwin"
      ],
      "engines": {
        "node": ">= 10"
      }
    },
    "node_modules/@envio-dev/hypersync-client-linux-arm64-gnu": {
      "version": "0.2.4",
      "resolved": "https://registry.npmjs.org/@envio-dev/hypersync-client-linux-arm64-gnu/-/hypersync-client-linux-arm64-gnu-0.2.4.tgz",
      "integrity": "sha512-fF3639hxATHxcdLKbJJOk93pM7djO+66rAXbY24z9CH3Z1UHe1rgtHEP2rZEYLM+rsynD8wB0DJiejFugVyg8Q==",
      "cpu": [
        "arm64"
      ],
      "optional": true,
      "os": [
        "linux"
      ],
      "engines": {
        "node": ">= 10"
      }
    },
    "node_modules/@envio-dev/hypersync-client-linux-x64-gnu": {
      "version": "0.2.4",
      "resolved": "https://registry.npmjs.org/@envio-dev/hypersync-client-linux-x64-gnu/-/hypersync-client-linux-x64-gnu-0.2.4.tgz",
      "integrity": "sha512-DhbSSO2/O7w/cmNFux8cgngg0e+7hoWEOT9vEOs6B7Pbgoge08nDa7mnEXf7/uvXcLU01NhHF6Z/F8b07Zy0vg==",
      "cpu": [
        "x64"
      ],
      "optional": true,
      "os": [
        "linux"
      ],
      "engines": {
        "node": ">= 10"
      }
    },
    "node_modules/@envio-dev/hypersync-client-linux-x64-musl": {
      "version": "0.2.4",
      "resolved": "https://registry.npmjs.org/@envio-dev/hypersync-client-linux-x64-musl/-/hypersync-client-linux-x64-musl-0.2.4.tgz",
      "integrity": "sha512-iMmtSsujnBaTsyfTfsSsqEYvSdTmSPOWEOWwB9t6Kgni9kQepE5bePm9in9c9pGLUC/o2DhEgidFmDYxD/zjkQ==",
      "cpu": [
        "x64"
      ],
      "optional": true,
      "os": [
        "linux"
      ],
      "engines": {
        "node": ">= 10"
      }
    },
    "node_modules/@envio-dev/hypersync-client-win32-x64-msvc": {
      "version": "0.2.4",
      "resolved": "https://registry.npmjs.org/@envio-dev/hypersync-client-win32-x64-msvc/-/hypersync-client-win32-x64-msvc-0.2.4.tgz",
      "integrity": "sha512-SMSt8Q19WBcObPUTP9OlHtiwbvBHAFOx2kBeaE6LYiXpY/hJiYmJWsrEH3BlAkolEQ1SBr9fNpt8dq7uMyipog==",
      "cpu": [
        "x64"
      ],
      "optional": true,
      "os": [
        "win32"
      ],
      "engines": {
        "node": ">= 10"
      }
    }
  }
}
